
Microsoft Visual Studio Solution File, Format Version 12.00
# Visual Studio Version 17
VisualStudioVersion = 17.5.002.0
MinimumVisualStudioVersion = 10.0.40219.1
Project("{9A19103F-16F7-4668-BE54-9A1E7A4F7556}") = "WarehouseRecord", "WarehouseRecord.csproj", "{15A14268-A577-4029-BC85-7800BB1CE3D4}"
EndProject
Global
	GlobalSection(SolutionConfigurationPlatforms) = preSolution
		Debug|Any CPU = Debug|Any CPU
		Release|Any CPU = Release|Any CPU
	EndGlobalSection
	GlobalSection(ProjectConfigurationPlatforms) = postSolution
		{15A14268-A577-4029-BC85-7800BB1CE3D4}.Debug|Any CPU.ActiveCfg = Debug|Any CPU
		{15A14268-A577-4029-BC85-7800BB1CE3D4}.Debug|Any CPU.Build.0 = Debug|Any CPU
		{15A14268-A577-4029-BC85-7800BB1CE3D4}.Release|Any CPU.ActiveCfg = Release|Any CPU
		{15A14268-A577-4029-BC85-7800BB1CE3D4}.Release|Any CPU.Build.0 = Release|Any CPU
	EndGlobalSection
	GlobalSection(SolutionProperties) = preSolution
		HideSolutionNode = FALSE
	EndGlobalSection
	GlobalSection(ExtensibilityGlobals) = postSolution
		SolutionGuid = {F484F737-04E6-4E75-A848-2094C43684C2}
	EndGlobalSection
EndGlobal
